
Microsoft Visual Studio Solution File, Format Version 12.00
# Visual Studio Version 16
VisualStudioVersion = 16.0.28315.86
MinimumVisualStudioVersion = 10.0.40219.1
Project("{2150E333-8FDC-42A3-9474-1A3956D46DE8}") = "Engine", "Engine", "{B38CE80C-8945-42A3-88DB-03D75CE140D3}"
EndProject
Project("{2150E333-8FDC-42A3-9474-1A3956D46DE8}") = "Games", "Games", "{D0E69AB7-537F-46B3-A138-CF7EDE8A06FB}"
EndProject
Project("{8BC9CEB8-8B4A-11D0-8D11-00A0C91BC942}") = "UE4", "Intermediate\ProjectFiles\UE4.vcxproj", "{EE189260-E076-476F-BFE4-F0E07F45E761}"
EndProject
Project("{8BC9CEB8-8B4A-11D0-8D11-00A0C91BC942}") = "randomspwan", "Intermediate\ProjectFiles\randomspwan.vcxproj", "{49880681-5A1E-4AC6-A6CA-A53894CC2F77}"
EndProject
Project("{2150E333-8FDC-42A3-9474-1A3956D46DE8}") = "Visualizers", "Visualizers", "{EE98D4BF-178F-44FE-8C02-B49C88C0C9D3}"
	ProjectSection(SolutionItems) = preProject
		C:\Program Files\Epic Games\UE_4.23\Engine\Extras\VisualStudioDebugging\UE4.natvis = C:\Program Files\Epic Games\UE_4.23\Engine\Extras\VisualStudioDebugging\UE4.natvis
	EndProjectSection
EndProject
Global
	GlobalSection(SolutionConfigurationPlatforms) = preSolution
		DebugGame Editor|Android = DebugGame Editor|Android
		DebugGame Editor|HTML5 = DebugGame Editor|HTML5
		DebugGame Editor|Win32 = DebugGame Editor|Win32
		DebugGame Editor|Win64 = DebugGame Editor|Win64
		DebugGame|Android = DebugGame|Android
		DebugGame|HTML5 = DebugGame|HTML5
		DebugGame|Win32 = DebugGame|Win32
		DebugGame|Win64 = DebugGame|Win64
		Development Editor|Android = Development Editor|Android
		Development Editor|HTML5 = Development Editor|HTML5
		Development Editor|Win32 = Development Editor|Win32
		Development Editor|Win64 = Development Editor|Win64
		Development|Android = Development|Android
		Development|HTML5 = Development|HTML5
		Development|Win32 = Development|Win32
		Development|Win64 = Development|Win64
		Shipping|Android = Shipping|Android
		Shipping|HTML5 = Shipping|HTML5
		Shipping|Win32 = Shipping|Win32
		Shipping|Win64 = Shipping|Win64
	EndGlobalSection
	GlobalSection(ProjectConfigurationPlatforms) = postSolution
		{EE189260-E076-476F-BFE4-F0E07F45E761}.DebugGame Editor|Android.ActiveCfg = BuiltWithUnrealBuildTool|Win32
		{EE189260-E076-476F-BFE4-F0E07F45E761}.DebugGame Editor|HTML5.ActiveCfg = BuiltWithUnrealBuildTool|Win32
		{EE189260-E076-476F-BFE4-F0E07F45E761}.DebugGame Editor|Win32.ActiveCfg = BuiltWithUnrealBuildTool|Win32
		{EE189260-E076-476F-BFE4-F0E07F45E761}.DebugGame Editor|Win64.ActiveCfg = BuiltWithUnrealBuildTool|Win32
		{EE189260-E076-476F-BFE4-F0E07F45E761}.DebugGame|Android.ActiveCfg = BuiltWithUnrealBuildTool|Win32
		{EE189260-E076-476F-BFE4-F0E07F45E761}.DebugGame|HTML5.ActiveCfg = BuiltWithUnrealBuildTool|Win32
		{EE189260-E076-476F-BFE4-F0E07F45E761}.DebugGame|Win32.ActiveCfg = BuiltWithUnrealBuildTool|Win32
		{EE189260-E076-476F-BFE4-F0E07F45E761}.DebugGame|Win64.ActiveCfg = BuiltWithUnrealBuildTool|Win32
		{EE189260-E076-476F-BFE4-F0E07F45E761}.Development Editor|Android.ActiveCfg = BuiltWithUnrealBuildTool|Win32
		{EE189260-E076-476F-BFE4-F0E07F45E761}.Development Editor|HTML5.ActiveCfg = BuiltWithUnrealBuildTool|Win32
		{EE189260-E076-476F-BFE4-F0E07F45E761}.Development Editor|Win32.ActiveCfg = BuiltWithUnrealBuildTool|Win32
		{EE189260-E076-476F-BFE4-F0E07F45E761}.Development Editor|Win64.ActiveCfg = BuiltWithUnrealBuildTool|Win32
		{EE189260-E076-476F-BFE4-F0E07F45E761}.Development|Android.ActiveCfg = BuiltWithUnrealBuildTool|Win32
		{EE189260-E076-476F-BFE4-F0E07F45E761}.Development|HTML5.ActiveCfg = BuiltWithUnrealBuildTool|Win32
		{EE189260-E076-476F-BFE4-F0E07F45E761}.Development|Win32.ActiveCfg = BuiltWithUnrealBuildTool|Win32
		{EE189260-E076-476F-BFE4-F0E07F45E761}.Development|Win64.ActiveCfg = BuiltWithUnrealBuildTool|Win32
		{EE189260-E076-476F-BFE4-F0E07F45E761}.Shipping|Android.ActiveCfg = BuiltWithUnrealBuildTool|Win32
		{EE189260-E076-476F-BFE4-F0E07F45E761}.Shipping|HTML5.ActiveCfg = BuiltWithUnrealBuildTool|Win32
		{EE189260-E076-476F-BFE4-F0E07F45E761}.Shipping|Win32.ActiveCfg = BuiltWithUnrealBuildTool|Win32
		{EE189260-E076-476F-BFE4-F0E07F45E761}.Shipping|Win64.ActiveCfg = BuiltWithUnrealBuildTool|Win32
		{49880681-5A1E-4AC6-A6CA-A53894CC2F77}.DebugGame Editor|Android.ActiveCfg = Invalid|Win32
		{49880681-5A1E-4AC6-A6CA-A53894CC2F77}.DebugGame Editor|HTML5.ActiveCfg = Invalid|Win32
		{49880681-5A1E-4AC6-A6CA-A53894CC2F77}.DebugGame Editor|Win32.ActiveCfg = Invalid|Win32
		{49880681-5A1E-4AC6-A6CA-A53894CC2F77}.DebugGame Editor|Win64.ActiveCfg = DebugGame_Editor|x64
		{49880681-5A1E-4AC6-A6CA-A53894CC2F77}.DebugGame Editor|Win64.Build.0 = DebugGame_Editor|x64
		{49880681-5A1E-4AC6-A6CA-A53894CC2F77}.DebugGame|Android.ActiveCfg = Android_DebugGame|Win32
		{49880681-5A1E-4AC6-A6CA-A53894CC2F77}.DebugGame|Android.Build.0 = Android_DebugGame|Win32
		{49880681-5A1E-4AC6-A6CA-A53894CC2F77}.DebugGame|HTML5.ActiveCfg = HTML5_DebugGame|Win32
		{49880681-5A1E-4AC6-A6CA-A53894CC2F77}.DebugGame|HTML5.Build.0 = HTML5_DebugGame|Win32
		{49880681-5A1E-4AC6-A6CA-A53894CC2F77}.DebugGame|Win32.ActiveCfg = DebugGame|Win32
		{49880681-5A1E-4AC6-A6CA-A53894CC2F77}.DebugGame|Win32.Build.0 = DebugGame|Win32
		{49880681-5A1E-4AC6-A6CA-A53894CC2F77}.DebugGame|Win64.ActiveCfg = DebugGame|x64
		{49880681-5A1E-4AC6-A6CA-A53894CC2F77}.DebugGame|Win64.Build.0 = DebugGame|x64
		{49880681-5A1E-4AC6-A6CA-A53894CC2F77}.Development Editor|Android.ActiveCfg = Invalid|Win32
		{49880681-5A1E-4AC6-A6CA-A53894CC2F77}.Development Editor|HTML5.ActiveCfg = Invalid|Win32
		{49880681-5A1E-4AC6-A6CA-A53894CC2F77}.Development Editor|Win32.ActiveCfg = Invalid|Win32
		{49880681-5A1E-4AC6-A6CA-A53894CC2F77}.Development Editor|Win64.ActiveCfg = Development_Editor|x64
		{49880681-5A1E-4AC6-A6CA-A53894CC2F77}.Development Editor|Win64.Build.0 = Development_Editor|x64
		{49880681-5A1E-4AC6-A6CA-A53894CC2F77}.Development|Android.ActiveCfg = Android_Development|Win32
		{49880681-5A1E-4AC6-A6CA-A53894CC2F77}.Development|Android.Build.0 = Android_Development|Win32
		{49880681-5A1E-4AC6-A6CA-A53894CC2F77}.Development|HTML5.ActiveCfg = HTML5_Development|Win32
		{49880681-5A1E-4AC6-A6CA-A53894CC2F77}.Development|HTML5.Build.0 = HTML5_Development|Win32
		{49880681-5A1E-4AC6-A6CA-A53894CC2F77}.Development|Win32.ActiveCfg = Development|Win32
		{49880681-5A1E-4AC6-A6CA-A53894CC2F77}.Development|Win32.Build.0 = Development|Win32
		{49880681-5A1E-4AC6-A6CA-A53894CC2F77}.Development|Win64.ActiveCfg = Development|x64
		{49880681-5A1E-4AC6-A6CA-A53894CC2F77}.Development|Win64.Build.0 = Development|x64
		{49880681-5A1E-4AC6-A6CA-A53894CC2F77}.Shipping|Android.ActiveCfg = Android_Shipping|Win32
		{49880681-5A1E-4AC6-A6CA-A53894CC2F77}.Shipping|Android.Build.0 = Android_Shipping|Win32
		{49880681-5A1E-4AC6-A6CA-A53894CC2F77}.Shipping|HTML5.ActiveCfg = HTML5_Shipping|Win32
		{49880681-5A1E-4AC6-A6CA-A53894CC2F77}.Shipping|HTML5.Build.0 = HTML5_Shipping|Win32
		{49880681-5A1E-4AC6-A6CA-A53894CC2F77}.Shipping|Win32.ActiveCfg = Shipping|Win32
		{49880681-5A1E-4AC6-A6CA-A53894CC2F77}.Shipping|Win32.Build.0 = Shipping|Win32
		{49880681-5A1E-4AC6-A6CA-A53894CC2F77}.Shipping|Win64.ActiveCfg = Shipping|x64
		{49880681-5A1E-4AC6-A6CA-A53894CC2F77}.Shipping|Win64.Build.0 = Shipping|x64
	EndGlobalSection
	GlobalSection(SolutionProperties) = preSolution
		HideSolutionNode = FALSE
	EndGlobalSection
	GlobalSection(NestedProjects) = preSolution
		{EE189260-E076-476F-BFE4-F0E07F45E761} = {B38CE80C-8945-42A3-88DB-03D75CE140D3}
		{49880681-5A1E-4AC6-A6CA-A53894CC2F77} = {D0E69AB7-537F-46B3-A138-CF7EDE8A06FB}
	EndGlobalSection
EndGlobal
